// !$*UTF8*$!
{
	archiveVersion = 1;
	classes = {
	};
	objectVersion = 50;
	objects = {

/* Begin PBXBuildFile section */
		8B25887E23FDB806005703E6 /* ChiniseZodiacAnimals.swift in Sources */ = {isa = PBXBuildFile; fileRef = 8B25887D23FDB805005703E6 /* ChiniseZodiacAnimals.swift */; };
		8BE5747023FA859D005841A3 /* AppDelegate.swift in Sources */ = {isa = PBXBuildFile; fileRef = 8BE5746F23FA859D005841A3 /* AppDelegate.swift */; };
		8BE5747223FA859D005841A3 /* SceneDelegate.swift in Sources */ = {isa = PBXBuildFile; fileRef = 8BE5747123FA859D005841A3 /* SceneDelegate.swift */; };
		8BE5747423FA859D005841A3 /* TwelveSingsViewController.swift in Sources */ = {isa = PBXBuildFile; fileRef = 8BE5747323FA859D005841A3 /* TwelveSingsViewController.swift */; };
		8BE5747723FA859D005841A3 /* Main.storyboard in Resources */ = {isa = PBXBuildFile; fileRef = 8BE5747523FA859D005841A3 /* Main.storyboard */; };
		8BE5747923FA859E005841A3 /* Assets.xcassets in Resources */ = {isa = PBXBuildFile; fileRef = 8BE5747823FA859E005841A3 /* Assets.xcassets */; };
		8BE5747C23FA859E005841A3 /* LaunchScreen.storyboard in Resources */ = {isa = PBXBuildFile; fileRef = 8BE5747A23FA859E005841A3 /* LaunchScreen.storyboard */; };
		8BF4F53323FBF55500F7E517 /* PickerViewController.swift in Sources */ = {isa = PBXBuildFile; fileRef = 8BF4F53223FBF55500F7E517 /* PickerViewController.swift */; };
		8BF4F53523FBF6EF00F7E517 /* SingDescriptionViewController.swift in Sources */ = {isa = PBXBuildFile; fileRef = 8BF4F53423FBF6EF00F7E517 /* SingDescriptionViewController.swift */; };
/* End PBXBuildFile section */

/* Begin PBXFileReference section */
		8B25887D23FDB805005703E6 /* ChiniseZodiacAnimals.swift */ = {isa = PBXFileReference; lastKnownFileType = sourcecode.swift; path = ChiniseZodiacAnimals.swift; sourceTree = "<group>"; };
		8BE5746C23FA859D005841A3 /* ChineseZodiac Kevin.app */ = {isa = PBXFileReference; explicitFileType = wrapper.application; includeInIndex = 0; path = "ChineseZodiac Kevin.app"; sourceTree = BUILT_PRODUCTS_DIR; };
		8BE5746F23FA859D005841A3 /* AppDelegate.swift */ = {isa = PBXFileReference; lastKnownFileType = sourcecode.swift; path = AppDelegate.swift; sourceTree = "<group>"; };
		8BE5747123FA859D005841A3 /* SceneDelegate.swift */ = {isa = PBXFileReference; lastKnownFileType = sourcecode.swift; path = SceneDelegate.swift; sourceTree = "<group>"; };
		8BE5747323FA859D005841A3 /* TwelveSingsViewController.swift */ = {isa = PBXFileReference; lastKnownFileType = sourcecode.swift; path = TwelveSingsViewController.swift; sourceTree = "<group>"; };
		8BE5747623FA859D005841A3 /* Base */ = {isa = PBXFileReference; lastKnownFileType = file.storyboard; name = Base; path = Base.lproj/Main.storyboard; sourceTree = "<group>"; };
		8BE5747823FA859E005841A3 /* Assets.xcassets */ = {isa = PBXFileReference; lastKnownFileType = folder.assetcatalog; path = Assets.xcassets; sourceTree = "<group>"; };
		8BE5747B23FA859E005841A3 /* Base */ = {isa = PBXFileReference; lastKnownFileType = file.storyboard; name = Base; path = Base.lproj/LaunchScreen.storyboard; sourceTree = "<group>"; };
		8BE5747D23FA859E005841A3 /* Info.plist */ = {isa = PBXFileReference; lastKnownFileType = text.plist.xml; path = Info.plist; sourceTree = "<group>"; };
		8BF4F53223FBF55500F7E517 /* PickerViewController.swift */ = {isa = PBXFileReference; lastKnownFileType = sourcecode.swift; path = PickerViewController.swift; sourceTree = "<group>"; };
		8BF4F53423FBF6EF00F7E517 /* SingDescriptionViewController.swift */ = {isa = PBXFileReference; lastKnownFileType = sourcecode.swift; path = SingDescriptionViewController.swift; sourceTree = "<group>"; };
/* End PBXFileReference section */

/* Begin PBXFrameworksBuildPhase section */
		8BE5746923FA859D005841A3 /* Frameworks */ = {
			isa = PBXFrameworksBuildPhase;
			buildActionMask = 2147483647;
			files = (
			);
			runOnlyForDeploymentPostprocessing = 0;
		};
/* End PBXFrameworksBuildPhase section */

/* Begin PBXGroup section */
		8BE5746323FA859D005841A3 = {
			isa = PBXGroup;
			children = (
				8BE5746E23FA859D005841A3 /* ChineseZodiac Kevin */,
				8BE5746D23FA859D005841A3 /* Products */,
			);
			sourceTree = "<group>";
		};
		8BE5746D23FA859D005841A3 /* Products */ = {
			isa = PBXGroup;
			children = (
				8BE5746C23FA859D005841A3 /* ChineseZodiac Kevin.app */,
			);
			name = Products;
			sourceTree = "<group>";
		};
		8BE5746E23FA859D005841A3 /* ChineseZodiac Kevin */ = {
			isa = PBXGroup;
			children = (
				8BF6B65924017647002941B6 /* Delegate */,
				8BF6B6572401761D002941B6 /* StoryBoard */,
				8BF6B656240175E3002941B6 /* ViewController */,
				8BF6B655240175D5002941B6 /* Model */,
				8BE5747823FA859E005841A3 /* Assets.xcassets */,
				8BE5747D23FA859E005841A3 /* Info.plist */,
			);
			path = "ChineseZodiac Kevin";
			sourceTree = "<group>";
		};
		8BF6B655240175D5002941B6 /* Model */ = {
			isa = PBXGroup;
			children = (
				8B25887D23FDB805005703E6 /* ChiniseZodiacAnimals.swift */,
			);
			path = Model;
			sourceTree = "<group>";
		};
		8BF6B656240175E3002941B6 /* ViewController */ = {
			isa = PBXGroup;
			children = (
				8BF4F53423FBF6EF00F7E517 /* SingDescriptionViewController.swift */,
				8BE5747323FA859D005841A3 /* TwelveSingsViewController.swift */,
				8BF4F53223FBF55500F7E517 /* PickerViewController.swift */,
			);
			path = ViewController;
			sourceTree = "<group>";
		};
		8BF6B6572401761D002941B6 /* StoryBoard */ = {
			isa = PBXGroup;
			children = (
				8BE5747523FA859D005841A3 /* Main.storyboard */,
				8BE5747A23FA859E005841A3 /* LaunchScreen.storyboard */,
			);
			path = StoryBoard;
			sourceTree = "<group>";
		};
		8BF6B65924017647002941B6 /* Delegate */ = {
			isa = PBXGroup;
			children = (
				8BE5747123FA859D005841A3 /* SceneDelegate.swift */,
				8BE5746F23FA859D005841A3 /* AppDelegate.swift */,
			);
			path = Delegate;
			sourceTree = "<group>";
		};
/* End PBXGroup section */

/* Begin PBXNativeTarget section */
		8BE5746B23FA859D005841A3 /* ChineseZodiac Kevin */ = {
			isa = PBXNativeTarget;
			buildConfigurationList = 8BE5748023FA859E005841A3 /* Build configuration list for PBXNativeTarget "ChineseZodiac Kevin" */;
			buildPhases = (
				8BE5746823FA859D005841A3 /* Sources */,
				8BE5746923FA859D005841A3 /* Frameworks */,
				8BE5746A23FA859D005841A3 /* Resources */,
			);
			buildRules = (
			);
			dependencies = (
			);
			name = "ChineseZodiac Kevin";
			productName = "ChineseZodiac Kevin";
			productReference = 8BE5746C23FA859D005841A3 /* ChineseZodiac Kevin.app */;
			productType = "com.apple.product-type.application";
		};
/* End PBXNativeTarget section */

/* Begin PBXProject section */
		8BE5746423FA859D005841A3 /* Project object */ = {
			isa = PBXProject;
			attributes = {
				LastSwiftUpdateCheck = 1130;
				LastUpgradeCheck = 1130;
				ORGANIZATIONNAME = "Kevin Buguecio";
				TargetAttributes = {
					8BE5746B23FA859D005841A3 = {
						CreatedOnToolsVersion = 11.3.1;
					};
				};
			};
			buildConfigurationList = 8BE5746723FA859D005841A3 /* Build configuration list for PBXProject "ChineseZodiac Kevin" */;
			compatibilityVersion = "Xcode 9.3";
			developmentRegion = en;
			hasScannedForEncodings = 0;
			knownRegions = (
				en,
				Base,
			);
			mainGroup = 8BE5746323FA859D005841A3;
			productRefGroup = 8BE5746D23FA859D005841A3 /* Products */;
			projectDirPath = "";
			projectRoot = "";
			targets = (
				8BE5746B23FA859D005841A3 /* ChineseZodiac Kevin */,
			);
		};
/* End PBXProject section */

/* Begin PBXResourcesBuildPhase section */
		8BE5746A23FA859D005841A3 /* Resources */ = {
			isa = PBXResourcesBuildPhase;
			buildActionMask = 2147483647;
			files = (
				8BE5747C23FA859E005841A3 /* LaunchScreen.storyboard in Resources */,
				8BE5747923FA859E005841A3 /* Assets.xcassets in Resources */,
				8BE5747723FA859D005841A3 /* Main.storyboard in Resources */,
			);
			runOnlyForDeploymentPostprocessing = 0;
		};
/* End PBXResourcesBuildPhase section */

/* Begin PBXSourcesBuildPhase section */
		8BE5746823FA859D005841A3 /* Sources */ = {
			isa = PBXSourcesBuildPhase;
			buildActionMask = 2147483647;
			files = (
				8B25887E23FDB806005703E6 /* ChiniseZodiacAnimals.swift in Sources */,
				8BF4F53523FBF6EF00F7E517 /* SingDescriptionViewController.swift in Sources */,
				8BF4F53323FBF55500F7E517 /* PickerViewController.swift in Sources */,
				8BE5747423FA859D005841A3 /* TwelveSingsViewController.swift in Sources */,
				8BE5747023FA859D005841A3 /* AppDelegate.swift in Sources */,
				8BE5747223FA859D005841A3 /* SceneDelegate.swift in Sources */,
			);
			runOnlyForDeploymentPostprocessing = 0;
		};
/* End PBXSourcesBuildPhase section */

/* Begin PBXVariantGroup section */
		8BE5747523FA859D005841A3 /* Main.storyboard */ = {
			isa = PBXVariantGroup;
			children = (
				8BE5747623FA859D005841A3 /* Base */,
			);
			name = Main.storyboard;
			sourceTree = "<group>";
		};
		8BE5747A23FA859E005841A3 /* LaunchScreen.storyboard */ = {
			isa = PBXVariantGroup;
			children = (
				8BE5747B23FA859E005841A3 /* Base */,
			);
			name = LaunchScreen.storyboard;
			sourceTree = "<group>";
		};
/* End PBXVariantGroup section */

/* Begin XCBuildConfiguration section */
		8BE5747E23FA859E005841A3 /* Debug */ = {
			isa = XCBuildConfiguration;
			buildSettings = {
				ALWAYS_SEARCH_USER_PATHS = NO;
				CLANG_ANALYZER_NONNULL = YES;
				CLANG_ANALYZER_NUMBER_OBJECT_CONVERSION = YES_AGGRESSIVE;
				CLANG_CXX_LANGUAGE_STANDARD = "gnu++14";
				CLANG_CXX_LIBRARY = "libc++";
				CLANG_ENABLE_MODULES = YES;
				CLANG_ENABLE_OBJC_ARC = YES;
				CLANG_ENABLE_OBJC_WEAK = YES;
				CLANG_WARN_BLOCK_CAPTURE_AUTORELEASING = YES;
				CLANG_WARN_BOOL_CONVERSION = YES;
				CLANG_WARN_COMMA = YES;
				CLANG_WARN_CONSTANT_CONVERSION = YES;
				CLANG_WARN_DEPRECATED_OBJC_IMPLEMENTATIONS = YES;
				CLANG_WARN_DIRECT_OBJC_ISA_USAGE = YES_ERROR;
				CLANG_WARN_DOCUMENTATION_COMMENTS = YES;
				CLANG_WARN_EMPTY_BODY = YES;
				CLANG_WARN_ENUM_CONVERSION = YES;
				CLANG_WARN_INFINITE_RECURSION = YES;
				CLANG_WARN_INT_CONVERSION = YES;
				CLANG_WARN_NON_LITERAL_NULL_CONVERSION = YES;
				CLANG_WARN_OBJC_IMPLICIT_RETAIN_SELF = YES;
				CLANG_WARN_OBJC_LITERAL_CONVERSION = YES;
				CLANG_WARN_OBJC_ROOT_CLASS = YES_ERROR;
				CLANG_WARN_RANGE_LOOP_ANALYSIS = YES;
				CLANG_WARN_STRICT_PROTOTYPES = YES;
				CLANG_WARN_SUSPICIOUS_MOVE = YES;
				CLANG_WARN_UNGUARDED_AVAILABILITY = YES_AGGRESSIVE;
				CLANG_WARN_UNREACHABLE_CODE = YES;
				CLANG_WARN__DUPLICATE_METHOD_MATCH = YES;
				COPY_PHASE_STRIP = NO;
				DEBUG_INFORMATION_FORMAT = dwarf;
				ENABLE_STRICT_OBJC_MSGSEND = YES;
				ENABLE_TESTABILITY = YES;
				GCC_C_LANGUAGE_STANDARD = gnu11;
				GCC_DYNAMIC_NO_PIC = NO;
				GCC_NO_COMMON_BLOCKS = YES;
				GCC_OPTIMIZATION_LEVEL = 0;
				GCC_PREPROCESSOR_DEFINITIONS = (
					"DEBUG=1",
					"$(inherited)",
				);
				GCC_WARN_64_TO_32_BIT_CONVERSION = YES;
				GCC_WARN_ABOUT_RETURN_TYPE = YES_ERROR;
				GCC_WARN_UNDECLARED_SELECTOR = YES;
				GCC_WARN_UNINITIALIZED_AUTOS = YES_AGGRESSIVE;
				GCC_WARN_UNUSED_FUNCTION = YES;
				GCC_WARN_UNUSED_VARIABLE = YES;
				IPHONEOS_DEPLOYMENT_TARGET = 13.2;
				MTL_ENABLE_DEBUG_INFO = INCLUDE_SOURCE;
				MTL_FAST_MATH = YES;
				ONLY_ACTIVE_ARCH = YES;
				SDKROOT = iphoneos;
				SWIFT_ACTIVE_COMPILATION_CONDITIONS = DEBUG;
				SWIFT_OPTIMIZATION_LEVEL = "-Onone";
			};
			name = Debug;
		};
		8BE5747F23FA859E005841A3 /* Release */ = {
			isa = XCBuildConfiguration;
			buildSettings = {
				ALWAYS_SEARCH_USER_PATHS = NO;
				CLANG_ANALYZER_NONNULL = YES;
				CLANG_ANALYZER_NUMBER_OBJECT_CONVERSION = YES_AGGRESSIVE;
				CLANG_CXX_LANGUAGE_STANDARD = "gnu++14";
				CLANG_CXX_LIBRARY = "libc++";
				CLANG_ENABLE_MODULES = YES;
				CLANG_ENABLE_OBJC_ARC = YES;
				CLANG_ENABLE_OBJC_WEAK = YES;
				CLANG_WARN_BLOCK_CAPTURE_AUTORELEASING = YES;
				CLANG_WARN_BOOL_CONVERSION = YES;
				CLANG_WARN_COMMA = YES;
				CLANG_WARN_CONSTANT_CONVERSION = YES;
				CLANG_WARN_DEPRECATED_OBJC_IMPLEMENTATIONS = YES;
				CLANG_WARN_DIRECT_OBJC_ISA_USAGE = YES_ERROR;
				CLANG_WARN_DOCUMENTATION_COMMENTS = YES;
				CLANG_WARN_EMPTY_BODY = YES;
				CLANG_WARN_ENUM_CONVERSION = YES;
				CLANG_WARN_INFINITE_RECURSION = YES;
				CLANG_WARN_INT_CONVERSION = YES;
				CLANG_WARN_NON_LITERAL_NULL_CONVERSION = YES;
				CLANG_WARN_OBJC_IMPLICIT_RETAIN_SELF = YES;
				CLANG_WARN_OBJC_LITERAL_CONVERSION = YES;
				CLANG_WARN_OBJC_ROOT_CLASS = YES_ERROR;
				CLANG_WARN_RANGE_LOOP_ANALYSIS = YES;
				CLANG_WARN_STRICT_PROTOTYPES = YES;
				CLANG_WARN_SUSPICIOUS_MOVE = YES;
				CLANG_WARN_UNGUARDED_AVAILABILITY = YES_AGGRESSIVE;
				CLANG_WARN_UNREACHABLE_CODE = YES;
				CLANG_WARN__DUPLICATE_METHOD_MATCH = YES;
				COPY_PHASE_STRIP = NO;
				DEBUG_INFORMATION_FORMAT = "dwarf-with-dsym";
				ENABLE_NS_ASSERTIONS = NO;
				ENABLE_STRICT_OBJC_MSGSEND = YES;
				GCC_C_LANGUAGE_STANDARD = gnu11;
				GCC_NO_COMMON_BLOCKS = YES;
				GCC_WARN_64_TO_32_BIT_CONVERSION = YES;
				GCC_WARN_ABOUT_RETURN_TYPE = YES_ERROR;
				GCC_WARN_UNDECLARED_SELECTOR = YES;
				GCC_WARN_UNINITIALIZED_AUTOS = YES_AGGRESSIVE;
				GCC_WARN_UNUSED_FUNCTION = YES;
				GCC_WARN_UNUSED_VARIABLE = YES;
				IPHONEOS_DEPLOYMENT_TARGET = 13.2;
				MTL_ENABLE_DEBUG_INFO = NO;
				MTL_FAST_MATH = YES;
				SDKROOT = iphoneos;
				SWIFT_COMPILATION_MODE = wholemodule;
				SWIFT_OPTIMIZATION_LEVEL = "-O";
				VALIDATE_PRODUCT = YES;
			};
			name = Release;
		};
		8BE5748123FA859E005841A3 /* Debug */ = {
			isa = XCBuildConfiguration;
			buildSettings = {
				ASSETCATALOG_COMPILER_APPICON_NAME = AppIcon;
				CODE_SIGN_STYLE = Automatic;
				DEVELOPMENT_TEAM = 4Z4TC4V755;
				INFOPLIST_FILE = "ChineseZodiac Kevin/Info.plist";
				LD_RUNPATH_SEARCH_PATHS = (
					"$(inherited)",
					"@executable_path/Frameworks",
				);
				PRODUCT_BUNDLE_IDENTIFIER = "com.PoloContenidosDigitales.ChineseZodiac-Kevin";
				PRODUCT_NAME = "$(TARGET_NAME)";
				SWIFT_VERSION = 5.0;
				TARGETED_DEVICE_FAMILY = "1,2";
			};
			name = Debug;
		};
		8BE5748223FA859E005841A3 /* Release */ = {
			isa = XCBuildConfiguration;
			buildSettings = {
				ASSETCATALOG_COMPILER_APPICON_NAME = AppIcon;
				CODE_SIGN_STYLE = Automatic;
				DEVELOPMENT_TEAM = 4Z4TC4V755;
				INFOPLIST_FILE = "ChineseZodiac Kevin/Info.plist";
				LD_RUNPATH_SEARCH_PATHS = (
					"$(inherited)",
					"@executable_path/Frameworks",
				);
				PRODUCT_BUNDLE_IDENTIFIER = "com.PoloContenidosDigitales.ChineseZodiac-Kevin";
				PRODUCT_NAME = "$(TARGET_NAME)";
				SWIFT_VERSION = 5.0;
				TARGETED_DEVICE_FAMILY = "1,2";
			};
			name = Release;
		};
/* End XCBuildConfiguration section */

/* Begin XCConfigurationList section */
		8BE5746723FA859D005841A3 /* Build configuration list for PBXProject "ChineseZodiac Kevin" */ = {
			isa = XCConfigurationList;
			buildConfigurations = (
				8BE5747E23FA859E005841A3 /* Debug */,
				8BE5747F23FA859E005841A3 /* Release */,
			);
			defaultConfigurationIsVisible = 0;
			defaultConfigurationName = Release;
		};
		8BE5748023FA859E005841A3 /* Build configuration list for PBXNativeTarget "ChineseZodiac Kevin" */ = {
			isa = XCConfigurationList;
			buildConfigurations = (
				8BE5748123FA859E005841A3 /* Debug */,
				8BE5748223FA859E005841A3 /* Release */,
			);
			defaultConfigurationIsVisible = 0;
			defaultConfigurationName = Release;
		};
/* End XCConfigurationList section */
	};
	rootObject = 8BE5746423FA859D005841A3 /* Project object */;
}
